
Microsoft Visual Studio Solution File, Format Version 12.00
# Visual Studio 15
VisualStudioVersion = 15.0.28307.168
MinimumVisualStudioVersion = 10.0.40219.1
Project("{FAE04EC0-301F-11D3-BF4B-00C04F79EFBC}") = "Incirrata", "Incirrata\Incirrata.csproj", "{4770D882-CB55-44E7-A3DD-D77D60247746}"
EndProject
Project("{FAE04EC0-301F-11D3-BF4B-00C04F79EFBC}") = "Incirrata.Tests", "Incirrata.Tests\Incirrata.Tests.csproj", "{177AC6E3-2194-4094-A8CC-4A8954439E3F}"
EndProject
Global
	GlobalSection(SolutionConfigurationPlatforms) = preSolution
		Debug|Any CPU = Debug|Any CPU
		Release|Any CPU = Release|Any CPU
	EndGlobalSection
	GlobalSection(ProjectConfigurationPlatforms) = postSolution
		{4770D882-CB55-44E7-A3DD-D77D60247746}.Debug|Any CPU.ActiveCfg = Debug|Any CPU
		{4770D882-CB55-44E7-A3DD-D77D60247746}.Debug|Any CPU.Build.0 = Debug|Any CPU
		{4770D882-CB55-44E7-A3DD-D77D60247746}.Release|Any CPU.ActiveCfg = Release|Any CPU
		{4770D882-CB55-44E7-A3DD-D77D60247746}.Release|Any CPU.Build.0 = Release|Any CPU
		{177AC6E3-2194-4094-A8CC-4A8954439E3F}.Debug|Any CPU.ActiveCfg = Debug|Any CPU
		{177AC6E3-2194-4094-A8CC-4A8954439E3F}.Debug|Any CPU.Build.0 = Debug|Any CPU
		{177AC6E3-2194-4094-A8CC-4A8954439E3F}.Release|Any CPU.ActiveCfg = Release|Any CPU
		{177AC6E3-2194-4094-A8CC-4A8954439E3F}.Release|Any CPU.Build.0 = Release|Any CPU
	EndGlobalSection
	GlobalSection(SolutionProperties) = preSolution
		HideSolutionNode = FALSE
	EndGlobalSection
	GlobalSection(ExtensibilityGlobals) = postSolution
		SolutionGuid = {1FCF4265-AA59-4318-AF3B-0ECEA049EE65}
	EndGlobalSection
EndGlobal
